<?xml version="1.0" encoding="utf-8"?>
<Project ToolsVersion="4.0" xmlns="http://schemas.microsoft.com/developer/msbuild/2003">
  <ItemGroup>
    <Filter Include="imgui">
      <UniqueIdentifier>{ba0940d6-dd20-48a3-9325-3cee24fc84c4}</UniqueIdentifier>
    </Filter>
    <Filter Include="src">
      <UniqueIdentifier>{4FC737F1-C7A5-4376-A066-2A32D752A2FF}</UniqueIdentifier>
      <Extensions>
      </Extensions>
    </Filter>
  </ItemGroup>
  <ItemGroup>
    <ClInclude Include="deps\imgui-3fde445\imconfig.h">
      <Filter>imgui</Filter>
    </ClInclude>
    <ClInclude Include="deps\imgui-3fde445\imgui.h">
      <Filter>imgui</Filter>
    </ClInclude>
    <ClInclude Include="deps\imgui-3fde445\imgui_internal.h">
      <Filter>imgui</Filter>
    </ClInclude>
    <ClInclude Include="deps\imgui-3fde445\imstb_rectpack.h">
      <Filter>imgui</Filter>
    </ClInclude>
    <ClInclude Include="deps\imgui-3fde445\imstb_textedit.h">
      <Filter>imgui</Filter>
    </ClInclude>
    <ClInclude Include="deps\imgui-3fde445\imstb_truetype.h">
      <Filter>imgui</Filter>
    </ClInclude>
    <ClInclude Include="deps\imgui-3fde445\backends\imgui_impl_dx11.h">
      <Filter>imgui</Filter>
    </ClInclude>
    <ClInclude Include="deps\imgui-3fde445\backends\imgui_impl_win32.h">
      <Filter>imgui</Filter>
    </ClInclude>
    <ClInclude Include="src\util.h">
      <Filter>src</Filter>
    </ClInclude>
    <ClInclude Include="src\dwrite.h">
      <Filter>src</Filter>
    </ClInclude>
  </ItemGroup>
  <ItemGroup>
    <ClCompile Include="src\main.cpp">
      <Filter>src</Filter>
    </ClCompile>
    <ClCompile Include="deps\imgui-3fde445\imgui.cpp">
      <Filter>imgui</Filter>
    </ClCompile>
    <ClCompile Include="deps\imgui-3fde445\imgui_draw.cpp">
      <Filter>imgui</Filter>
    </ClCompile>
    <ClCompile Include="deps\imgui-3fde445\imgui_tables.cpp">
      <Filter>imgui</Filter>
    </ClCompile>
    <ClCompile Include="deps\imgui-3fde445\imgui_widgets.cpp">
      <Filter>imgui</Filter>
    </ClCompile>
    <ClCompile Include="deps\imgui-3fde445\backends\imgui_impl_dx11.cpp">
      <Filter>imgui</Filter>
    </ClCompile>
    <ClCompile Include="deps\imgui-3fde445\backends\imgui_impl_win32.cpp">
      <Filter>imgui</Filter>
    </ClCompile>
    <ClCompile Include="src\dwrite.cpp">
      <Filter>src</Filter>
    </ClCompile>
  </ItemGroup>
  <ItemGroup>
    <FxCompile Include="src\main_ps.hlsl">
      <Filter>src</Filter>
    </FxCompile>
    <FxCompile Include="src\main_vs.hlsl">
      <Filter>src</Filter>
    </FxCompile>
    <FxCompile Include="src\dwrite.hlsl">
      <Filter>src</Filter>
    </FxCompile>
  </ItemGroup>
</Project>